
Microsoft Visual Studio Solution File, Format Version 12.00
# Visual Studio 2012
Project("{FAE04EC0-301F-11D3-BF4B-00C04F79EFBC}") = "Assignment", "Assignment\Assignment\Assignment.csproj", "{04DDEFBF-B3D0-44FD-BB1C-B6DBFC24A71D}"
EndProject
Project("{96E2B04D-8817-42C6-938A-82C39BA4D311}") = "AssignmentContent", "Assignment\AssignmentContent\AssignmentContent.contentproj", "{28E577AE-B8C2-4487-BD06-E5D8668EFEAB}"
EndProject
Global
	GlobalSection(SolutionConfigurationPlatforms) = preSolution
		Debug|x86 = Debug|x86
		Release|x86 = Release|x86
	EndGlobalSection
	GlobalSection(ProjectConfigurationPlatforms) = postSolution
		{04DDEFBF-B3D0-44FD-BB1C-B6DBFC24A71D}.Debug|x86.ActiveCfg = Debug|x86
		{04DDEFBF-B3D0-44FD-BB1C-B6DBFC24A71D}.Debug|x86.Build.0 = Debug|x86
		{04DDEFBF-B3D0-44FD-BB1C-B6DBFC24A71D}.Release|x86.ActiveCfg = Release|x86
		{04DDEFBF-B3D0-44FD-BB1C-B6DBFC24A71D}.Release|x86.Build.0 = Release|x86
		{28E577AE-B8C2-4487-BD06-E5D8668EFEAB}.Debug|x86.ActiveCfg = Debug|x86
		{28E577AE-B8C2-4487-BD06-E5D8668EFEAB}.Release|x86.ActiveCfg = Release|x86
	EndGlobalSection
	GlobalSection(SolutionProperties) = preSolution
		HideSolutionNode = FALSE
	EndGlobalSection
EndGlobal
